// !$*UTF8*$!
{
	archiveVersion = 1;
	classes = {
	};
	objectVersion = 77;
	objects = {

/* Begin PBXContainerItemProxy section */
		36127FBC2FCB3DAC004759AE /* PBXContainerItemProxy */ = {
			isa = PBXContainerItemProxy;
			containerPortal = 36127FA62FCB3DAB004759AE /* Project object */;
			proxyType = 1;
			remoteGlobalIDString = 36127FAD2FCB3DAB004759AE;
			remoteInfo = SellerConnect;
		};
		36127FC62FCB3DAC004759AE /* PBXContainerItemProxy */ = {
			isa = PBXContainerItemProxy;
			containerPortal = 36127FA62FCB3DAB004759AE /* Project object */;
			proxyType = 1;
			remoteGlobalIDString = 36127FAD2FCB3DAB004759AE;
			remoteInfo = SellerConnect;
		};
/* End PBXContainerItemProxy section */

/* Begin PBXFileReference section */
		36127FAE2FCB3DAB004759AE /* SellerConnect.app */ = {isa = PBXFileReference; explicitFileType = wrapper.application; includeInIndex = 0; path = SellerConnect.app; sourceTree = BUILT_PRODUCTS_DIR; };
		36127FBB2FCB3DAC004759AE /* SellerConnectTests.xctest */ = {isa = PBXFileReference; explicitFileType = wrapper.cfbundle; includeInIndex = 0; path = SellerConnectTests.xctest; sourceTree = BUILT_PRODUCTS_DIR; };
		36127FC52FCB3DAC004759AE /* SellerConnectUITests.xctest */ = {isa = PBXFileReference; explicitFileType = wrapper.cfbundle; includeInIndex = 0; path = SellerConnectUITests.xctest; sourceTree = BUILT_PRODUCTS_DIR; };
/* End PBXFileReference section */

/* Begin PBXFileSystemSynchronizedRootGroup section */
		36127FB02FCB3DAB004759AE /* SellerConnect */ = {
			isa = PBXFileSystemSynchronizedRootGroup;
			path = SellerConnect;
			sourceTree = "<group>";
		};
		36127FBE2FCB3DAC004759AE /* SellerConnectTests */ = {
			isa = PBXFileSystemSynchronizedRootGroup;
			path = SellerConnectTests;
			sourceTree = "<group>";
		};
		36127FC82FCB3DAC004759AE /* SellerConnectUITests */ = {
			isa = PBXFileSystemSynchronizedRootGroup;
			path = SellerConnectUITests;
			sourceTree = "<group>";
		};
/* End PBXFileSystemSynchronizedRootGroup section */

/* Begin PBXFrameworksBuildPhase section */
		36127FAB2FCB3DAB004759AE /* Frameworks */ = {
			isa = PBXFrameworksBuildPhase;
			buildActionMask = 2147483647;
			files = (
			);
			runOnlyForDeploymentPostprocessing = 0;
		};
		36127FB82FCB3DAC004759AE /* Frameworks */ = {
			isa = PBXFrameworksBuildPhase;
			buildActionMask = 2147483647;
			files = (
			);
			runOnlyForDeploymentPostprocessing = 0;
		};
		36127FC22FCB3DAC004759AE /* Frameworks */ = {
			isa = PBXFrameworksBuildPhase;
			buildActionMask = 2147483647;
			files = (
			);
			runOnlyForDeploymentPostprocessing = 0;
		};
/* End PBXFrameworksBuildPhase section */

/* Begin PBXGroup section */
		36127FA52FCB3DAB004759AE = {
			isa = PBXGroup;
			children = (
				36127FB02FCB3DAB004759AE /* SellerConnect */,
				36127FBE2FCB3DAC004759AE /* SellerConnectTests */,
				36127FC82FCB3DAC004759AE /* SellerConnectUITests */,
				368502A62FE97C6800686718 /* Frameworks */,
				36127FAF2FCB3DAB004759AE /* Products */,
			);
			sourceTree = "<group>";
		};
		36127FAF2FCB3DAB004759AE /* Products */ = {
			isa = PBXGroup;
			children = (
				36127FAE2FCB3DAB004759AE /* SellerConnect.app */,
				36127FBB2FCB3DAC004759AE /* SellerConnectTests.xctest */,
				36127FC52FCB3DAC004759AE /* SellerConnectUITests.xctest */,
			);
			name = Products;
			sourceTree = "<group>";
		};
		368502A62FE97C6800686718 /* Frameworks */ = {
			isa = PBXGroup;
			children = (
			);
			name = Frameworks;
			sourceTree = "<group>";
		};
/* End PBXGroup section */

/* Begin PBXNativeTarget section */
		36127FAD2FCB3DAB004759AE /* SellerConnect */ = {
			isa = PBXNativeTarget;
			buildConfigurationList = 36127FCF2FCB3DAC004759AE /* Build configuration list for PBXNativeTarget "SellerConnect" */;
			buildPhases = (
				36127FAA2FCB3DAB004759AE /* Sources */,
				36127FAB2FCB3DAB004759AE /* Frameworks */,
				36127FAC2FCB3DAB004759AE /* Resources */,
			);
			buildRules = (
			);
			dependencies = (
			);
			fileSystemSynchronizedGroups = (
				36127FB02FCB3DAB004759AE /* SellerConnect */,
			);
			name = SellerConnect;
			packageProductDependencies = (
			);
			productName = SellerConnect;
			productReference = 36127FAE2FCB3DAB004759AE /* SellerConnect.app */;
			productType = "com.apple.product-type.application";
		};
		36127FBA2FCB3DAC004759AE /* SellerConnectTests */ = {
			isa = PBXNativeTarget;
			buildConfigurationList = 36127FD22FCB3DAC004759AE /* Build configuration list for PBXNativeTarget "SellerConnectTests" */;
			buildPhases = (
				36127FB72FCB3DAC004759AE /* Sources */,
				36127FB82FCB3DAC004759AE /* Frameworks */,
				36127FB92FCB3DAC004759AE /* Resources */,
			);
			buildRules = (
			);
			dependencies = (
				36127FBD2FCB3DAC004759AE /* PBXTargetDependency */,
			);
			fileSystemSynchronizedGroups = (
				36127FBE2FCB3DAC004759AE /* SellerConnectTests */,
			);
			name = SellerConnectTests;
			packageProductDependencies = (
			);
			productName = SellerConnectTests;
			productReference = 36127FBB2FCB3DAC004759AE /* SellerConnectTests.xctest */;
			productType = "com.apple.product-type.bundle.unit-test";
		};
		36127FC42FCB3DAC004759AE /* SellerConnectUITests */ = {
			isa = PBXNativeTarget;
			buildConfigurationList = 36127FD52FCB3DAC004759AE /* Build configuration list for PBXNativeTarget "SellerConnectUITests" */;
			buildPhases = (
				36127FC12FCB3DAC004759AE /* Sources */,
				36127FC22FCB3DAC004759AE /* Frameworks */,
				36127FC32FCB3DAC004759AE /* Resources */,
			);
			buildRules = (
			);
			dependencies = (
				36127FC72FCB3DAC004759AE /* PBXTargetDependency */,
			);
			fileSystemSynchronizedGroups = (
				36127FC82FCB3DAC004759AE /* SellerConnectUITests */,
			);
			name = SellerConnectUITests;
			packageProductDependencies = (
			);
			productName = SellerConnectUITests;
			productReference = 36127FC52FCB3DAC004759AE /* SellerConnectUITests.xctest */;
			productType = "com.apple.product-type.bundle.ui-testing";
		};
/* End PBXNativeTarget section */

/* Begin PBXProject section */
		36127FA62FCB3DAB004759AE /* Project object */ = {
			isa = PBXProject;
			attributes = {
				BuildIndependentTargetsInParallel = 1;
				LastSwiftUpdateCheck = 2640;
				LastUpgradeCheck = 2640;
				TargetAttributes = {
					36127FAD2FCB3DAB004759AE = {
						CreatedOnToolsVersion = 26.4.1;
					};
					36127FBA2FCB3DAC004759AE = {
						CreatedOnToolsVersion = 26.4.1;
						TestTargetID = 36127FAD2FCB3DAB004759AE;
					};
					36127FC42FCB3DAC004759AE = {
						CreatedOnToolsVersion = 26.4.1;
						TestTargetID = 36127FAD2FCB3DAB004759AE;
					};
				};
			};
			buildConfigurationList = 36127FA92FCB3DAB004759AE /* Build configuration list for PBXProject "SellerConnect" */;
			developmentRegion = en;
			hasScannedForEncodings = 0;
			knownRegions = (
				en,
				Base,
			);
			mainGroup = 36127FA52FCB3DAB004759AE;
			minimizedProjectReferenceProxies = 1;
			packageReferences = (
				36127FDA2FCB643F004759AE /* XCRemoteSwiftPackageReference "mysql-kit" */,
				3693A4132FE98DAE00F0E2C6 /* XCLocalSwiftPackageReference "../SellerConnectBackend" */,
			);
			preferredProjectObjectVersion = 77;
			productRefGroup = 36127FAF2FCB3DAB004759AE /* Products */;
			projectDirPath = "";
			projectRoot = "";
			targets = (
				36127FAD2FCB3DAB004759AE /* SellerConnect */,
				36127FBA2FCB3DAC004759AE /* SellerConnectTests */,
				36127FC42FCB3DAC004759AE /* SellerConnectUITests */,
			);
		};
/* End PBXProject section */

/* Begin PBXResourcesBuildPhase section */
		36127FAC2FCB3DAB004759AE /* Resources */ = {
			isa = PBXResourcesBuildPhase;
			buildActionMask = 2147483647;
			files = (
			);
			runOnlyForDeploymentPostprocessing = 0;
		};
		36127FB92FCB3DAC004759AE /* Resources */ = {
			isa = PBXResourcesBuildPhase;
			buildActionMask = 2147483647;
			files = (
			);
			runOnlyForDeploymentPostprocessing = 0;
		};
		36127FC32FCB3DAC004759AE /* Resources */ = {
			isa = PBXResourcesBuildPhase;
			buildActionMask = 2147483647;
			files = (
			);
			runOnlyForDeploymentPostprocessing = 0;
		};
/* End PBXResourcesBuildPhase section */

/* Begin PBXSourcesBuildPhase section */
		36127FAA2FCB3DAB004759AE /* Sources */ = {
			isa = PBXSourcesBuildPhase;
			buildActionMask = 2147483647;
			files = (
			);
			runOnlyForDeploymentPostprocessing = 0;
		};
		36127FB72FCB3DAC004759AE /* Sources */ = {
			isa = PBXSourcesBuildPhase;
			buildActionMask = 2147483647;
			files = (
			);
			runOnlyForDeploymentPostprocessing = 0;
		};
		36127FC12FCB3DAC004759AE /* Sources */ = {
			isa = PBXSourcesBuildPhase;
			buildActionMask = 2147483647;
			files = (
			);
			runOnlyForDeploymentPostprocessing = 0;
		};
/* End PBXSourcesBuildPhase section */

/* Begin PBXTargetDependency section */
		36127FBD2FCB3DAC004759AE /* PBXTargetDependency */ = {
			isa = PBXTargetDependency;
			target = 36127FAD2FCB3DAB004759AE /* SellerConnect */;
			targetProxy = 36127FBC2FCB3DAC004759AE /* PBXContainerItemProxy */;
		};
		36127FC72FCB3DAC004759AE /* PBXTargetDependency */ = {
			isa = PBXTargetDependency;
			target = 36127FAD2FCB3DAB004759AE /* SellerConnect */;
			targetProxy = 36127FC62FCB3DAC004759AE /* PBXContainerItemProxy */;
		};
/* End PBXTargetDependency section */

/* Begin XCBuildConfiguration section */
		36127FCD2FCB3DAC004759AE /* Debug */ = {
			isa = XCBuildConfiguration;
			buildSettings = {
				ALWAYS_SEARCH_USER_PATHS = NO;
				ASSETCATALOG_COMPILER_GENERATE_SWIFT_ASSET_SYMBOL_EXTENSIONS = YES;
				CLANG_ANALYZER_NONNULL = YES;
				CLANG_ANALYZER_NUMBER_OBJECT_CONVERSION = YES_AGGRESSIVE;
				CLANG_CXX_LANGUAGE_STANDARD = "gnu++20";
				CLANG_ENABLE_MODULES = YES;
				CLANG_ENABLE_OBJC_ARC = YES;
				CLANG_ENABLE_OBJC_WEAK = YES;
				CLANG_WARN_BLOCK_CAPTURE_AUTORELEASING = YES;
				CLANG_WARN_BOOL_CONVERSION = YES;
				CLANG_WARN_COMMA = YES;
				CLANG_WARN_CONSTANT_CONVERSION = YES;
				CLANG_WARN_DEPRECATED_OBJC_IMPLEMENTATIONS = YES;
				CLANG_WARN_DIRECT_OBJC_ISA_USAGE = YES_ERROR;
				CLANG_WARN_DOCUMENTATION_COMMENTS = YES;
				CLANG_WARN_EMPTY_BODY = YES;
				CLANG_WARN_ENUM_CONVERSION = YES;
				CLANG_WARN_INFINITE_RECURSION = YES;
				CLANG_WARN_INT_CONVERSION = YES;
				CLANG_WARN_NON_LITERAL_NULL_CONVERSION = YES;
				CLANG_WARN_OBJC_IMPLICIT_RETAIN_SELF = YES;
				CLANG_WARN_OBJC_LITERAL_CONVERSION = YES;
				CLANG_WARN_OBJC_ROOT_CLASS = YES_ERROR;
				CLANG_WARN_QUOTED_INCLUDE_IN_FRAMEWORK_HEADER = YES;
				CLANG_WARN_RANGE_LOOP_ANALYSIS = YES;
				CLANG_WARN_STRICT_PROTOTYPES = YES;
				CLANG_WARN_SUSPICIOUS_MOVE = YES;
				CLANG_WARN_UNGUARDED_AVAILABILITY = YES_AGGRESSIVE;
				CLANG_WARN_UNREACHABLE_CODE = YES;
				CLANG_WARN__DUPLICATE_METHOD_MATCH = YES;
				COPY_PHASE_STRIP = NO;
				DEBUG_INFORMATION_FORMAT = dwarf;
				DEVELOPMENT_TEAM = PL58734CZ4;
				ENABLE_STRICT_OBJC_MSGSEND = YES;
				ENABLE_TESTABILITY = YES;
				ENABLE_USER_SCRIPT_SANDBOXING = YES;
				GCC_C_LANGUAGE_STANDARD = gnu17;
				GCC_DYNAMIC_NO_PIC = NO;
				GCC_NO_COMMON_BLOCKS = YES;
				GCC_OPTIMIZATION_LEVEL = 0;
				GCC_PREPROCESSOR_DEFINITIONS = (
					"DEBUG=1",
					"$(inherited)",
				);
				GCC_WARN_64_TO_32_BIT_CONVERSION = YES;
				GCC_WARN_ABOUT_RETURN_TYPE = YES_ERROR;
				GCC_WARN_UNDECLARED_SELECTOR = YES;
				GCC_WARN_UNINITIALIZED_AUTOS = YES_AGGRESSIVE;
				GCC_WARN_UNUSED_FUNCTION = YES;
				GCC_WARN_UNUSED_VARIABLE = YES;
				IPHONEOS_DEPLOYMENT_TARGET = 26.4;
				LOCALIZATION_PREFERS_STRING_CATALOGS = YES;
				MTL_ENABLE_DEBUG_INFO = INCLUDE_SOURCE;
				MTL_FAST_MATH = YES;
				ONLY_ACTIVE_ARCH = YES;
				SDKROOT = iphoneos;
				SWIFT_ACTIVE_COMPILATION_CONDITIONS = "DEBUG $(inherited)";
				SWIFT_OPTIMIZATION_LEVEL = "-Onone";
			};
			name = Debug;
		};
		36127FCE2FCB3DAC004759AE /* Release */ = {
			isa = XCBuildConfiguration;
			buildSettings = {
				ALWAYS_SEARCH_USER_PATHS = NO;
				ASSETCATALOG_COMPILER_GENERATE_SWIFT_ASSET_SYMBOL_EXTENSIONS = YES;
				CLANG_ANALYZER_NONNULL = YES;
				CLANG_ANALYZER_NUMBER_OBJECT_CONVERSION = YES_AGGRESSIVE;
				CLANG_CXX_LANGUAGE_STANDARD = "gnu++20";
				CLANG_ENABLE_MODULES = YES;
				CLANG_ENABLE_OBJC_ARC = YES;
				CLANG_ENABLE_OBJC_WEAK = YES;
				CLANG_WARN_BLOCK_CAPTURE_AUTORELEASING = YES;
				CLANG_WARN_BOOL_CONVERSION = YES;
				CLANG_WARN_COMMA = YES;
				CLANG_WARN_CONSTANT_CONVERSION = YES;
				CLANG_WARN_DEPRECATED_OBJC_IMPLEMENTATIONS = YES;
				CLANG_WARN_DIRECT_OBJC_ISA_USAGE = YES_ERROR;
				CLANG_WARN_DOCUMENTATION_COMMENTS = YES;
				CLANG_WARN_EMPTY_BODY = YES;
				CLANG_WARN_ENUM_CONVERSION = YES;
				CLANG_WARN_INFINITE_RECURSION = YES;
				CLANG_WARN_INT_CONVERSION = YES;
				CLANG_WARN_NON_LITERAL_NULL_CONVERSION = YES;
				CLANG_WARN_OBJC_IMPLICIT_RETAIN_SELF = YES;
				CLANG_WARN_OBJC_LITERAL_CONVERSION = YES;
				CLANG_WARN_OBJC_ROOT_CLASS = YES_ERROR;
				CLANG_WARN_QUOTED_INCLUDE_IN_FRAMEWORK_HEADER = YES;
				CLANG_WARN_RANGE_LOOP_ANALYSIS = YES;
				CLANG_WARN_STRICT_PROTOTYPES = YES;
				CLANG_WARN_SUSPICIOUS_MOVE = YES;
				CLANG_WARN_UNGUARDED_AVAILABILITY = YES_AGGRESSIVE;
				CLANG_WARN_UNREACHABLE_CODE = YES;
				CLANG_WARN__DUPLICATE_METHOD_MATCH = YES;
				COPY_PHASE_STRIP = NO;
				DEBUG_INFORMATION_FORMAT = "dwarf-with-dsym";
				DEVELOPMENT_TEAM = PL58734CZ4;
				ENABLE_NS_ASSERTIONS = NO;
				ENABLE_STRICT_OBJC_MSGSEND = YES;
				ENABLE_USER_SCRIPT_SANDBOXING = YES;
				GCC_C_LANGUAGE_STANDARD = gnu17;
				GCC_NO_COMMON_BLOCKS = YES;
				GCC_WARN_64_TO_32_BIT_CONVERSION = YES;
				GCC_WARN_ABOUT_RETURN_TYPE = YES_ERROR;
				GCC_WARN_UNDECLARED_SELECTOR = YES;
				GCC_WARN_UNINITIALIZED_AUTOS = YES_AGGRESSIVE;
				GCC_WARN_UNUSED_FUNCTION = YES;
				GCC_WARN_UNUSED_VARIABLE = YES;
				IPHONEOS_DEPLOYMENT_TARGET = 26.4;
				LOCALIZATION_PREFERS_STRING_CATALOGS = YES;
				MTL_ENABLE_DEBUG_INFO = NO;
				MTL_FAST_MATH = YES;
				SDKROOT = iphoneos;
				SWIFT_COMPILATION_MODE = wholemodule;
				VALIDATE_PRODUCT = YES;
			};
			name = Release;
		};
		36127FD02FCB3DAC004759AE /* Debug */ = {
			isa = XCBuildConfiguration;
			buildSettings = {
				ASSETCATALOG_COMPILER_APPICON_NAME = AppIcon;
				ASSETCATALOG_COMPILER_GLOBAL_ACCENT_COLOR_NAME = AccentColor;
				CODE_SIGN_STYLE = Automatic;
				CURRENT_PROJECT_VERSION = 1;
				DEVELOPMENT_TEAM = PL58734CZ4;
				ENABLE_PREVIEWS = YES;
				GENERATE_INFOPLIST_FILE = YES;
				INFOPLIST_KEY_UIApplicationSceneManifest_Generation = YES;
				INFOPLIST_KEY_UIApplicationSupportsIndirectInputEvents = YES;
				INFOPLIST_KEY_UILaunchScreen_Generation = YES;
				INFOPLIST_KEY_UISupportedInterfaceOrientations_iPad = "UIInterfaceOrientationPortrait UIInterfaceOrientationPortraitUpsideDown UIInterfaceOrientationLandscapeLeft UIInterfaceOrientationLandscapeRight";
				INFOPLIST_KEY_UISupportedInterfaceOrientations_iPhone = "UIInterfaceOrientationPortrait UIInterfaceOrientationLandscapeLeft UIInterfaceOrientationLandscapeRight";
				LD_RUNPATH_SEARCH_PATHS = (
					"$(inherited)",
					"@executable_path/Frameworks",
				);
				MARKETING_VERSION = 1.0;
				PRODUCT_BUNDLE_IDENTIFIER = com.Ben.SellerConnect;
				PRODUCT_NAME = "$(TARGET_NAME)";
				STRING_CATALOG_GENERATE_SYMBOLS = YES;
				SWIFT_APPROACHABLE_CONCURRENCY = YES;
				SWIFT_DEFAULT_ACTOR_ISOLATION = MainActor;
				SWIFT_EMIT_LOC_STRINGS = YES;
				SWIFT_UPCOMING_FEATURE_MEMBER_IMPORT_VISIBILITY = YES;
				SWIFT_VERSION = 5.0;
				TARGETED_DEVICE_FAMILY = "1,2";
			};
			name = Debug;
		};
		36127FD12FCB3DAC004759AE /* Release */ = {
			isa = XCBuildConfiguration;
			buildSettings = {
				ASSETCATALOG_COMPILER_APPICON_NAME = AppIcon;
				ASSETCATALOG_COMPILER_GLOBAL_ACCENT_COLOR_NAME = AccentColor;
				CODE_SIGN_STYLE = Automatic;
				CURRENT_PROJECT_VERSION = 1;
				DEVELOPMENT_TEAM = PL58734CZ4;
				ENABLE_PREVIEWS = YES;
				GENERATE_INFOPLIST_FILE = YES;
				INFOPLIST_KEY_UIApplicationSceneManifest_Generation = YES;
				INFOPLIST_KEY_UIApplicationSupportsIndirectInputEvents = YES;
				INFOPLIST_KEY_UILaunchScreen_Generation = YES;
				INFOPLIST_KEY_UISupportedInterfaceOrientations_iPad = "UIInterfaceOrientationPortrait UIInterfaceOrientationPortraitUpsideDown UIInterfaceOrientationLandscapeLeft UIInterfaceOrientationLandscapeRight";
				INFOPLIST_KEY_UISupportedInterfaceOrientations_iPhone = "UIInterfaceOrientationPortrait UIInterfaceOrientationLandscapeLeft UIInterfaceOrientationLandscapeRight";
				LD_RUNPATH_SEARCH_PATHS = (
					"$(inherited)",
					"@executable_path/Frameworks",
				);
				MARKETING_VERSION = 1.0;
				PRODUCT_BUNDLE_IDENTIFIER = com.Ben.SellerConnect;
				PRODUCT_NAME = "$(TARGET_NAME)";
				STRING_CATALOG_GENERATE_SYMBOLS = YES;
				SWIFT_APPROACHABLE_CONCURRENCY = YES;
				SWIFT_DEFAULT_ACTOR_ISOLATION = MainActor;
				SWIFT_EMIT_LOC_STRINGS = YES;
				SWIFT_UPCOMING_FEATURE_MEMBER_IMPORT_VISIBILITY = YES;
				SWIFT_VERSION = 5.0;
				TARGETED_DEVICE_FAMILY = "1,2";
			};
			name = Release;
		};
		36127FD32FCB3DAC004759AE /* Debug */ = {
			isa = XCBuildConfiguration;
			buildSettings = {
				BUNDLE_LOADER = "$(TEST_HOST)";
				CODE_SIGN_STYLE = Automatic;
				CURRENT_PROJECT_VERSION = 1;
				DEVELOPMENT_TEAM = PL58734CZ4;
				GENERATE_INFOPLIST_FILE = YES;
				IPHONEOS_DEPLOYMENT_TARGET = 26.4;
				MARKETING_VERSION = 1.0;
				PRODUCT_BUNDLE_IDENTIFIER = com.Ben.SellerConnectTests;
				PRODUCT_NAME = "$(TARGET_NAME)";
				STRING_CATALOG_GENERATE_SYMBOLS = NO;
				SWIFT_APPROACHABLE_CONCURRENCY = YES;
				SWIFT_EMIT_LOC_STRINGS = NO;
				SWIFT_UPCOMING_FEATURE_MEMBER_IMPORT_VISIBILITY = YES;
				SWIFT_VERSION = 5.0;
				TARGETED_DEVICE_FAMILY = "1,2";
				TEST_HOST = "$(BUILT_PRODUCTS_DIR)/SellerConnect.app/$(BUNDLE_EXECUTABLE_FOLDER_PATH)/SellerConnect";
			};
			name = Debug;
		};
		36127FD42FCB3DAC004759AE /* Release */ = {
			isa = XCBuildConfiguration;
			buildSettings = {
				BUNDLE_LOADER = "$(TEST_HOST)";
				CODE_SIGN_STYLE = Automatic;
				CURRENT_PROJECT_VERSION = 1;
				DEVELOPMENT_TEAM = PL58734CZ4;
				GENERATE_INFOPLIST_FILE = YES;
				IPHONEOS_DEPLOYMENT_TARGET = 26.4;
				MARKETING_VERSION = 1.0;
				PRODUCT_BUNDLE_IDENTIFIER = com.Ben.SellerConnectTests;
				PRODUCT_NAME = "$(TARGET_NAME)";
				STRING_CATALOG_GENERATE_SYMBOLS = NO;
				SWIFT_APPROACHABLE_CONCURRENCY = YES;
				SWIFT_EMIT_LOC_STRINGS = NO;
				SWIFT_UPCOMING_FEATURE_MEMBER_IMPORT_VISIBILITY = YES;
				SWIFT_VERSION = 5.0;
				TARGETED_DEVICE_FAMILY = "1,2";
				TEST_HOST = "$(BUILT_PRODUCTS_DIR)/SellerConnect.app/$(BUNDLE_EXECUTABLE_FOLDER_PATH)/SellerConnect";
			};
			name = Release;
		};
		36127FD62FCB3DAC004759AE /* Debug */ = {
			isa = XCBuildConfiguration;
			buildSettings = {
				CODE_SIGN_STYLE = Automatic;
				CURRENT_PROJECT_VERSION = 1;
				DEVELOPMENT_TEAM = PL58734CZ4;
				GENERATE_INFOPLIST_FILE = YES;
				MARKETING_VERSION = 1.0;
				PRODUCT_BUNDLE_IDENTIFIER = com.Ben.SellerConnectUITests;
				PRODUCT_NAME = "$(TARGET_NAME)";
				STRING_CATALOG_GENERATE_SYMBOLS = NO;
				SWIFT_APPROACHABLE_CONCURRENCY = YES;
				SWIFT_EMIT_LOC_STRINGS = NO;
				SWIFT_UPCOMING_FEATURE_MEMBER_IMPORT_VISIBILITY = YES;
				SWIFT_VERSION = 5.0;
				TARGETED_DEVICE_FAMILY = "1,2";
				TEST_TARGET_NAME = SellerConnect;
			};
			name = Debug;
		};
		36127FD72FCB3DAC004759AE /* Release */ = {
			isa = XCBuildConfiguration;
			buildSettings = {
				CODE_SIGN_STYLE = Automatic;
				CURRENT_PROJECT_VERSION = 1;
				DEVELOPMENT_TEAM = PL58734CZ4;
				GENERATE_INFOPLIST_FILE = YES;
				MARKETING_VERSION = 1.0;
				PRODUCT_BUNDLE_IDENTIFIER = com.Ben.SellerConnectUITests;
				PRODUCT_NAME = "$(TARGET_NAME)";
				STRING_CATALOG_GENERATE_SYMBOLS = NO;
				SWIFT_APPROACHABLE_CONCURRENCY = YES;
				SWIFT_EMIT_LOC_STRINGS = NO;
				SWIFT_UPCOMING_FEATURE_MEMBER_IMPORT_VISIBILITY = YES;
				SWIFT_VERSION = 5.0;
				TARGETED_DEVICE_FAMILY = "1,2";
				TEST_TARGET_NAME = SellerConnect;
			};
			name = Release;
		};
/* End XCBuildConfiguration section */

/* Begin XCConfigurationList section */
		36127FA92FCB3DAB004759AE /* Build configuration list for PBXProject "SellerConnect" */ = {
			isa = XCConfigurationList;
			buildConfigurations = (
				36127FCD2FCB3DAC004759AE /* Debug */,
				36127FCE2FCB3DAC004759AE /* Release */,
			);
			defaultConfigurationIsVisible = 0;
			defaultConfigurationName = Release;
		};
		36127FCF2FCB3DAC004759AE /* Build configuration list for PBXNativeTarget "SellerConnect" */ = {
			isa = XCConfigurationList;
			buildConfigurations = (
				36127FD02FCB3DAC004759AE /* Debug */,
				36127FD12FCB3DAC004759AE /* Release */,
			);
			defaultConfigurationIsVisible = 0;
			defaultConfigurationName = Release;
		};
		36127FD22FCB3DAC004759AE /* Build configuration list for PBXNativeTarget "SellerConnectTests" */ = {
			isa = XCConfigurationList;
			buildConfigurations = (
				36127FD32FCB3DAC004759AE /* Debug */,
				36127FD42FCB3DAC004759AE /* Release */,
			);
			defaultConfigurationIsVisible = 0;
			defaultConfigurationName = Release;
		};
		36127FD52FCB3DAC004759AE /* Build configuration list for PBXNativeTarget "SellerConnectUITests" */ = {
			isa = XCConfigurationList;
			buildConfigurations = (
				36127FD62FCB3DAC004759AE /* Debug */,
				36127FD72FCB3DAC004759AE /* Release */,
			);
			defaultConfigurationIsVisible = 0;
			defaultConfigurationName = Release;
		};
/* End XCConfigurationList section */

/* Begin XCLocalSwiftPackageReference section */
		3693A4132FE98DAE00F0E2C6 /* XCLocalSwiftPackageReference "../SellerConnectBackend" */ = {
			isa = XCLocalSwiftPackageReference;
			relativePath = ../SellerConnectBackend;
		};
/* End XCLocalSwiftPackageReference section */

/* Begin XCRemoteSwiftPackageReference section */
		36127FDA2FCB643F004759AE /* XCRemoteSwiftPackageReference "mysql-kit" */ = {
			isa = XCRemoteSwiftPackageReference;
			repositoryURL = "https://github.com/vapor/mysql-kit.git";
			requirement = {
				kind = upToNextMajorVersion;
				minimumVersion = 4.10.1;
			};
		};
/* End XCRemoteSwiftPackageReference section */
	};
	rootObject = 36127FA62FCB3DAB004759AE /* Project object */;
}
